
Microsoft Visual Studio Solution File, Format Version 11.00
# Visual Studio 2010
Project("{FAE04EC0-301F-11D3-BF4B-00C04F79EFBC}") = "Growth_Curve_Software", "Growth_Curve_Software\Growth_Curve_Software.csproj", "{59801CC7-20C3-4F59-BE3D-28EF39C7A61D}"
EndProject
Project("{FAE04EC0-301F-11D3-BF4B-00C04F79EFBC}") = "RoboticInstruments", "RoboticInstruments\RoboticInstruments.csproj", "{999BD960-00C5-4429-82EE-9F5C25DA8410}"
EndProject
Project("{FAE04EC0-301F-11D3-BF4B-00C04F79EFBC}") = "TwisterTeacher", "TwisterTeacher\TwisterTeacher.csproj", "{FD9A0BE8-ADCB-4502-89CB-53C0965534E1}"
EndProject
Project("{FAE04EC0-301F-11D3-BF4B-00C04F79EFBC}") = "VictorStandAloneForm", "VictorStandAloneForm\VictorStandAloneForm.csproj", "{BD582F22-A96C-49B0-9769-E601F12FFD09}"
EndProject
Project("{FAE04EC0-301F-11D3-BF4B-00C04F79EFBC}") = "StandAloneIncubator", "StandAloneIncubator\StandAloneIncubator.csproj", "{D8D9D071-DB4D-46DB-BCB3-0B9D88E60860}"
EndProject
Project("{2150E333-8FDC-42A3-9474-1A3956D46DE8}") = "Solution Items", "Solution Items", "{BB62F034-B942-442E-919D-694E6E5C160E}"
	ProjectSection(SolutionItems) = preProject
		README.rst = README.rst
	EndProjectSection
EndProject
Project("{FAE04EC0-301F-11D3-BF4B-00C04F79EFBC}") = "Robot_Alarm_Server", "Robot_Alarm_Server\Robot_Alarm_Server.csproj", "{B078B637-5509-4D64-9831-5761BD235513}"
EndProject
Project("{FAE04EC0-301F-11D3-BF4B-00C04F79EFBC}") = "Alarm_Monitor", "Alarm_Monitor\Alarm_Monitor.csproj", "{EAEA9C3C-7F6F-436E-8183-1BB301AD80A2}"
EndProject
Project("{FAE04EC0-301F-11D3-BF4B-00C04F79EFBC}") = "Fit Growth Curves", "Fit Growth Curves\Fit Growth Curves.csproj", "{133B4212-8C0C-41A3-B1FF-6A41BD780337}"
EndProject
Global
	GlobalSection(SubversionScc) = preSolution
		Svn-Managed = True
		Manager = AnkhSVN - Subversion Support for Visual Studio
	EndGlobalSection
	GlobalSection(SolutionConfigurationPlatforms) = preSolution
		Debug|Any CPU = Debug|Any CPU
		Debug|Mixed Platforms = Debug|Mixed Platforms
		Debug|x86 = Debug|x86
		Release|Any CPU = Release|Any CPU
		Release|Mixed Platforms = Release|Mixed Platforms
		Release|x86 = Release|x86
	EndGlobalSection
	GlobalSection(ProjectConfigurationPlatforms) = postSolution
		{59801CC7-20C3-4F59-BE3D-28EF39C7A61D}.Debug|Any CPU.ActiveCfg = Debug|Any CPU
		{59801CC7-20C3-4F59-BE3D-28EF39C7A61D}.Debug|Any CPU.Build.0 = Debug|Any CPU
		{59801CC7-20C3-4F59-BE3D-28EF39C7A61D}.Debug|Mixed Platforms.ActiveCfg = Debug|Any CPU
		{59801CC7-20C3-4F59-BE3D-28EF39C7A61D}.Debug|Mixed Platforms.Build.0 = Debug|Any CPU
		{59801CC7-20C3-4F59-BE3D-28EF39C7A61D}.Debug|x86.ActiveCfg = Debug|Any CPU
		{59801CC7-20C3-4F59-BE3D-28EF39C7A61D}.Release|Any CPU.ActiveCfg = Release|Any CPU
		{59801CC7-20C3-4F59-BE3D-28EF39C7A61D}.Release|Any CPU.Build.0 = Release|Any CPU
		{59801CC7-20C3-4F59-BE3D-28EF39C7A61D}.Release|Mixed Platforms.ActiveCfg = Release|Any CPU
		{59801CC7-20C3-4F59-BE3D-28EF39C7A61D}.Release|Mixed Platforms.Build.0 = Release|Any CPU
		{59801CC7-20C3-4F59-BE3D-28EF39C7A61D}.Release|x86.ActiveCfg = Release|Any CPU
		{999BD960-00C5-4429-82EE-9F5C25DA8410}.Debug|Any CPU.ActiveCfg = Debug|Any CPU
		{999BD960-00C5-4429-82EE-9F5C25DA8410}.Debug|Any CPU.Build.0 = Debug|Any CPU
		{999BD960-00C5-4429-82EE-9F5C25DA8410}.Debug|Mixed Platforms.ActiveCfg = Release|Any CPU
		{999BD960-00C5-4429-82EE-9F5C25DA8410}.Debug|Mixed Platforms.Build.0 = Release|Any CPU
		{999BD960-00C5-4429-82EE-9F5C25DA8410}.Debug|x86.ActiveCfg = Debug|Any CPU
		{999BD960-00C5-4429-82EE-9F5C25DA8410}.Release|Any CPU.ActiveCfg = Release|Any CPU
		{999BD960-00C5-4429-82EE-9F5C25DA8410}.Release|Any CPU.Build.0 = Release|Any CPU
		{999BD960-00C5-4429-82EE-9F5C25DA8410}.Release|Mixed Platforms.ActiveCfg = Release|Any CPU
		{999BD960-00C5-4429-82EE-9F5C25DA8410}.Release|Mixed Platforms.Build.0 = Release|Any CPU
		{999BD960-00C5-4429-82EE-9F5C25DA8410}.Release|x86.ActiveCfg = Release|Any CPU
		{FD9A0BE8-ADCB-4502-89CB-53C0965534E1}.Debug|Any CPU.ActiveCfg = Debug|Any CPU
		{FD9A0BE8-ADCB-4502-89CB-53C0965534E1}.Debug|Any CPU.Build.0 = Debug|Any CPU
		{FD9A0BE8-ADCB-4502-89CB-53C0965534E1}.Debug|Mixed Platforms.ActiveCfg = Debug|Any CPU
		{FD9A0BE8-ADCB-4502-89CB-53C0965534E1}.Debug|Mixed Platforms.Build.0 = Debug|Any CPU
		{FD9A0BE8-ADCB-4502-89CB-53C0965534E1}.Debug|x86.ActiveCfg = Debug|Any CPU
		{FD9A0BE8-ADCB-4502-89CB-53C0965534E1}.Release|Any CPU.ActiveCfg = Release|Any CPU
		{FD9A0BE8-ADCB-4502-89CB-53C0965534E1}.Release|Any CPU.Build.0 = Release|Any CPU
		{FD9A0BE8-ADCB-4502-89CB-53C0965534E1}.Release|Mixed Platforms.ActiveCfg = Release|Any CPU
		{FD9A0BE8-ADCB-4502-89CB-53C0965534E1}.Release|Mixed Platforms.Build.0 = Release|Any CPU
		{FD9A0BE8-ADCB-4502-89CB-53C0965534E1}.Release|x86.ActiveCfg = Release|Any CPU
		{BD582F22-A96C-49B0-9769-E601F12FFD09}.Debug|Any CPU.ActiveCfg = Debug|Any CPU
		{BD582F22-A96C-49B0-9769-E601F12FFD09}.Debug|Any CPU.Build.0 = Debug|Any CPU
		{BD582F22-A96C-49B0-9769-E601F12FFD09}.Debug|Mixed Platforms.ActiveCfg = Debug|Any CPU
		{BD582F22-A96C-49B0-9769-E601F12FFD09}.Debug|Mixed Platforms.Build.0 = Debug|Any CPU
		{BD582F22-A96C-49B0-9769-E601F12FFD09}.Debug|x86.ActiveCfg = Debug|Any CPU
		{BD582F22-A96C-49B0-9769-E601F12FFD09}.Release|Any CPU.ActiveCfg = Release|Any CPU
		{BD582F22-A96C-49B0-9769-E601F12FFD09}.Release|Any CPU.Build.0 = Release|Any CPU
		{BD582F22-A96C-49B0-9769-E601F12FFD09}.Release|Mixed Platforms.ActiveCfg = Release|Any CPU
		{BD582F22-A96C-49B0-9769-E601F12FFD09}.Release|Mixed Platforms.Build.0 = Release|Any CPU
		{BD582F22-A96C-49B0-9769-E601F12FFD09}.Release|x86.ActiveCfg = Release|Any CPU
		{D8D9D071-DB4D-46DB-BCB3-0B9D88E60860}.Debug|Any CPU.ActiveCfg = Debug|x86
		{D8D9D071-DB4D-46DB-BCB3-0B9D88E60860}.Debug|Mixed Platforms.ActiveCfg = Debug|x86
		{D8D9D071-DB4D-46DB-BCB3-0B9D88E60860}.Debug|Mixed Platforms.Build.0 = Debug|x86
		{D8D9D071-DB4D-46DB-BCB3-0B9D88E60860}.Debug|x86.ActiveCfg = Debug|x86
		{D8D9D071-DB4D-46DB-BCB3-0B9D88E60860}.Debug|x86.Build.0 = Debug|x86
		{D8D9D071-DB4D-46DB-BCB3-0B9D88E60860}.Release|Any CPU.ActiveCfg = Release|x86
		{D8D9D071-DB4D-46DB-BCB3-0B9D88E60860}.Release|Mixed Platforms.ActiveCfg = Release|x86
		{D8D9D071-DB4D-46DB-BCB3-0B9D88E60860}.Release|Mixed Platforms.Build.0 = Release|x86
		{D8D9D071-DB4D-46DB-BCB3-0B9D88E60860}.Release|x86.ActiveCfg = Release|x86
		{D8D9D071-DB4D-46DB-BCB3-0B9D88E60860}.Release|x86.Build.0 = Release|x86
		{B078B637-5509-4D64-9831-5761BD235513}.Debug|Any CPU.ActiveCfg = Debug|Any CPU
		{B078B637-5509-4D64-9831-5761BD235513}.Debug|Any CPU.Build.0 = Debug|Any CPU
		{B078B637-5509-4D64-9831-5761BD235513}.Debug|Mixed Platforms.ActiveCfg = Debug|Any CPU
		{B078B637-5509-4D64-9831-5761BD235513}.Debug|Mixed Platforms.Build.0 = Debug|Any CPU
		{B078B637-5509-4D64-9831-5761BD235513}.Debug|x86.ActiveCfg = Debug|Any CPU
		{B078B637-5509-4D64-9831-5761BD235513}.Release|Any CPU.ActiveCfg = Release|Any CPU
		{B078B637-5509-4D64-9831-5761BD235513}.Release|Any CPU.Build.0 = Release|Any CPU
		{B078B637-5509-4D64-9831-5761BD235513}.Release|Mixed Platforms.ActiveCfg = Release|Any CPU
		{B078B637-5509-4D64-9831-5761BD235513}.Release|Mixed Platforms.Build.0 = Release|Any CPU
		{B078B637-5509-4D64-9831-5761BD235513}.Release|x86.ActiveCfg = Release|Any CPU
		{EAEA9C3C-7F6F-436E-8183-1BB301AD80A2}.Debug|Any CPU.ActiveCfg = Debug|Any CPU
		{EAEA9C3C-7F6F-436E-8183-1BB301AD80A2}.Debug|Any CPU.Build.0 = Debug|Any CPU
		{EAEA9C3C-7F6F-436E-8183-1BB301AD80A2}.Debug|Mixed Platforms.ActiveCfg = Debug|Any CPU
		{EAEA9C3C-7F6F-436E-8183-1BB301AD80A2}.Debug|Mixed Platforms.Build.0 = Debug|Any CPU
		{EAEA9C3C-7F6F-436E-8183-1BB301AD80A2}.Debug|x86.ActiveCfg = Debug|Any CPU
		{EAEA9C3C-7F6F-436E-8183-1BB301AD80A2}.Release|Any CPU.ActiveCfg = Release|Any CPU
		{EAEA9C3C-7F6F-436E-8183-1BB301AD80A2}.Release|Any CPU.Build.0 = Release|Any CPU
		{EAEA9C3C-7F6F-436E-8183-1BB301AD80A2}.Release|Mixed Platforms.ActiveCfg = Release|Any CPU
		{EAEA9C3C-7F6F-436E-8183-1BB301AD80A2}.Release|Mixed Platforms.Build.0 = Release|Any CPU
		{EAEA9C3C-7F6F-436E-8183-1BB301AD80A2}.Release|x86.ActiveCfg = Release|Any CPU
		{133B4212-8C0C-41A3-B1FF-6A41BD780337}.Debug|Any CPU.ActiveCfg = Debug|Any CPU
		{133B4212-8C0C-41A3-B1FF-6A41BD780337}.Debug|Any CPU.Build.0 = Debug|Any CPU
		{133B4212-8C0C-41A3-B1FF-6A41BD780337}.Debug|Mixed Platforms.ActiveCfg = Debug|Any CPU
		{133B4212-8C0C-41A3-B1FF-6A41BD780337}.Debug|Mixed Platforms.Build.0 = Debug|Any CPU
		{133B4212-8C0C-41A3-B1FF-6A41BD780337}.Debug|x86.ActiveCfg = Debug|Any CPU
		{133B4212-8C0C-41A3-B1FF-6A41BD780337}.Release|Any CPU.ActiveCfg = Release|Any CPU
		{133B4212-8C0C-41A3-B1FF-6A41BD780337}.Release|Any CPU.Build.0 = Release|Any CPU
		{133B4212-8C0C-41A3-B1FF-6A41BD780337}.Release|Mixed Platforms.ActiveCfg = Release|Any CPU
		{133B4212-8C0C-41A3-B1FF-6A41BD780337}.Release|Mixed Platforms.Build.0 = Release|Any CPU
		{133B4212-8C0C-41A3-B1FF-6A41BD780337}.Release|x86.ActiveCfg = Release|Any CPU
	EndGlobalSection
	GlobalSection(SolutionProperties) = preSolution
		HideSolutionNode = FALSE
	EndGlobalSection
EndGlobal
