
Microsoft Visual Studio Solution File, Format Version 11.00
# Visual Studio 2010
Project("{FAE04EC0-301F-11D3-BF4B-00C04F79EFBC}") = "TwisterTeacher", "TwisterTeacher\TwisterTeacher.csproj", "{FD9A0BE8-ADCB-4502-89CB-53C0965534E1}"
EndProject
Project("{FAE04EC0-301F-11D3-BF4B-00C04F79EFBC}") = "VictorStandAloneForm", "VictorStandAloneForm\VictorStandAloneForm.csproj", "{BD582F22-A96C-49B0-9769-E601F12FFD09}"
EndProject
Project("{2150E333-8FDC-42A3-9474-1A3956D46DE8}") = "Solution Items", "Solution Items", "{BB62F034-B942-442E-919D-694E6E5C160E}"
EndProject
Project("{FAE04EC0-301F-11D3-BF4B-00C04F79EFBC}") = "Clarity_Alarm_Server", "Robot_Alarm_Server\Clarity_Alarm_Server.csproj", "{B078B637-5509-4D64-9831-5761BD235513}"
EndProject
Project("{FAE04EC0-301F-11D3-BF4B-00C04F79EFBC}") = "Clarity_Alarm_Monitor", "Alarm_Monitor\Clarity_Alarm_Monitor.csproj", "{EAEA9C3C-7F6F-436E-8183-1BB301AD80A2}"
EndProject
Project("{FAE04EC0-301F-11D3-BF4B-00C04F79EFBC}") = "Incubator", "Incubator\Incubator.csproj", "{DFA1E8D7-FD84-4EDA-9C59-0BE72A28142F}"
EndProject
Project("{FAE04EC0-301F-11D3-BF4B-00C04F79EFBC}") = "DynamicAndVirtualInstruments", "DynamicAndVirtualInstruments\DynamicAndVirtualInstruments.csproj", "{AF228932-48CA-4653-903D-8841B6EEF6C3}"
EndProject
Project("{FAE04EC0-301F-11D3-BF4B-00C04F79EFBC}") = "Twister", "Twister\Twister.csproj", "{D21CE15D-A133-40F7-BAA8-1D69F2D33293}"
EndProject
Project("{FAE04EC0-301F-11D3-BF4B-00C04F79EFBC}") = "TransferStation", "TransferStation\TransferStation.csproj", "{6447BCA5-3AD0-45DE-97FB-08BE51C4E134}"
EndProject
Project("{FAE04EC0-301F-11D3-BF4B-00C04F79EFBC}") = "VictorClarityInterface", "VictorClarityInterface\VictorClarityInterface.csproj", "{F59D7CA6-95CA-4A5A-8CD9-278007C36227}"
EndProject
Project("{FAE04EC0-301F-11D3-BF4B-00C04F79EFBC}") = "Clarity_FrontEnd_Template", "Clarity_FrontEnd_Template\Clarity_FrontEnd_Template.csproj", "{49298920-679D-414C-84BA-3C7B38975963}"
EndProject
Project("{FAE04EC0-301F-11D3-BF4B-00C04F79EFBC}") = "Clarity_BackEnd_Engine", "Clarity_BackEnd_Engine\Clarity_BackEnd_Engine.csproj", "{999BD960-00C5-4429-82EE-9F5C25DA8410}"
EndProject
Project("{FAE04EC0-301F-11D3-BF4B-00C04F79EFBC}") = "Clarity_WPF_Front_End_Template", "Clarity_WPF_Front_End_Template\Clarity_WPF_Front_End_Template.csproj", "{6A95A6AB-CEBE-434E-BA13-43DECA11A002}"
EndProject
Project("{54435603-DBB4-11D2-8724-00A0C9A8B90C}") = "ClarityInstaller", "ClarityInstaller\ClarityInstaller.vdproj", "{E7A64ADE-888C-44BC-85EB-E32E1FEC57AF}"
EndProject
Global
	GlobalSection(SubversionScc) = preSolution
		Svn-Managed = True
		Manager = AnkhSVN - Subversion Support for Visual Studio
	EndGlobalSection
	GlobalSection(SolutionConfigurationPlatforms) = preSolution
		Debug|Any CPU = Debug|Any CPU
		Debug|Mixed Platforms = Debug|Mixed Platforms
		Debug|x86 = Debug|x86
		Release|Any CPU = Release|Any CPU
		Release|Mixed Platforms = Release|Mixed Platforms
		Release|x86 = Release|x86
	EndGlobalSection
	GlobalSection(ProjectConfigurationPlatforms) = postSolution
		{FD9A0BE8-ADCB-4502-89CB-53C0965534E1}.Debug|Any CPU.ActiveCfg = Debug|Any CPU
		{FD9A0BE8-ADCB-4502-89CB-53C0965534E1}.Debug|Any CPU.Build.0 = Debug|Any CPU
		{FD9A0BE8-ADCB-4502-89CB-53C0965534E1}.Debug|Mixed Platforms.ActiveCfg = Debug|Any CPU
		{FD9A0BE8-ADCB-4502-89CB-53C0965534E1}.Debug|Mixed Platforms.Build.0 = Debug|Any CPU
		{FD9A0BE8-ADCB-4502-89CB-53C0965534E1}.Debug|x86.ActiveCfg = Debug|Any CPU
		{FD9A0BE8-ADCB-4502-89CB-53C0965534E1}.Release|Any CPU.ActiveCfg = Release|Any CPU
		{FD9A0BE8-ADCB-4502-89CB-53C0965534E1}.Release|Any CPU.Build.0 = Release|Any CPU
		{FD9A0BE8-ADCB-4502-89CB-53C0965534E1}.Release|Mixed Platforms.ActiveCfg = Release|Any CPU
		{FD9A0BE8-ADCB-4502-89CB-53C0965534E1}.Release|x86.ActiveCfg = Release|Any CPU
		{BD582F22-A96C-49B0-9769-E601F12FFD09}.Debug|Any CPU.ActiveCfg = Debug|Any CPU
		{BD582F22-A96C-49B0-9769-E601F12FFD09}.Debug|Any CPU.Build.0 = Debug|Any CPU
		{BD582F22-A96C-49B0-9769-E601F12FFD09}.Debug|Mixed Platforms.ActiveCfg = Debug|Any CPU
		{BD582F22-A96C-49B0-9769-E601F12FFD09}.Debug|Mixed Platforms.Build.0 = Debug|Any CPU
		{BD582F22-A96C-49B0-9769-E601F12FFD09}.Debug|x86.ActiveCfg = Debug|Any CPU
		{BD582F22-A96C-49B0-9769-E601F12FFD09}.Release|Any CPU.ActiveCfg = Release|Any CPU
		{BD582F22-A96C-49B0-9769-E601F12FFD09}.Release|Any CPU.Build.0 = Release|Any CPU
		{BD582F22-A96C-49B0-9769-E601F12FFD09}.Release|Mixed Platforms.ActiveCfg = Release|Any CPU
		{BD582F22-A96C-49B0-9769-E601F12FFD09}.Release|x86.ActiveCfg = Release|Any CPU
		{B078B637-5509-4D64-9831-5761BD235513}.Debug|Any CPU.ActiveCfg = Debug|Any CPU
		{B078B637-5509-4D64-9831-5761BD235513}.Debug|Any CPU.Build.0 = Debug|Any CPU
		{B078B637-5509-4D64-9831-5761BD235513}.Debug|Mixed Platforms.ActiveCfg = Debug|Any CPU
		{B078B637-5509-4D64-9831-5761BD235513}.Debug|x86.ActiveCfg = Debug|Any CPU
		{B078B637-5509-4D64-9831-5761BD235513}.Release|Any CPU.ActiveCfg = Release|Any CPU
		{B078B637-5509-4D64-9831-5761BD235513}.Release|Any CPU.Build.0 = Release|Any CPU
		{B078B637-5509-4D64-9831-5761BD235513}.Release|Mixed Platforms.ActiveCfg = Release|Any CPU
		{B078B637-5509-4D64-9831-5761BD235513}.Release|Mixed Platforms.Build.0 = Release|Any CPU
		{B078B637-5509-4D64-9831-5761BD235513}.Release|x86.ActiveCfg = Release|Any CPU
		{EAEA9C3C-7F6F-436E-8183-1BB301AD80A2}.Debug|Any CPU.ActiveCfg = Debug|Any CPU
		{EAEA9C3C-7F6F-436E-8183-1BB301AD80A2}.Debug|Any CPU.Build.0 = Debug|Any CPU
		{EAEA9C3C-7F6F-436E-8183-1BB301AD80A2}.Debug|Mixed Platforms.ActiveCfg = Debug|Any CPU
		{EAEA9C3C-7F6F-436E-8183-1BB301AD80A2}.Debug|x86.ActiveCfg = Debug|Any CPU
		{EAEA9C3C-7F6F-436E-8183-1BB301AD80A2}.Release|Any CPU.ActiveCfg = Release|Any CPU
		{EAEA9C3C-7F6F-436E-8183-1BB301AD80A2}.Release|Any CPU.Build.0 = Release|Any CPU
		{EAEA9C3C-7F6F-436E-8183-1BB301AD80A2}.Release|Mixed Platforms.ActiveCfg = Release|Any CPU
		{EAEA9C3C-7F6F-436E-8183-1BB301AD80A2}.Release|x86.ActiveCfg = Release|Any CPU
		{DFA1E8D7-FD84-4EDA-9C59-0BE72A28142F}.Debug|Any CPU.ActiveCfg = Debug|Any CPU
		{DFA1E8D7-FD84-4EDA-9C59-0BE72A28142F}.Debug|Any CPU.Build.0 = Debug|Any CPU
		{DFA1E8D7-FD84-4EDA-9C59-0BE72A28142F}.Debug|Mixed Platforms.ActiveCfg = Debug|Any CPU
		{DFA1E8D7-FD84-4EDA-9C59-0BE72A28142F}.Debug|Mixed Platforms.Build.0 = Debug|Any CPU
		{DFA1E8D7-FD84-4EDA-9C59-0BE72A28142F}.Debug|x86.ActiveCfg = Debug|Any CPU
		{DFA1E8D7-FD84-4EDA-9C59-0BE72A28142F}.Release|Any CPU.ActiveCfg = Release|Any CPU
		{DFA1E8D7-FD84-4EDA-9C59-0BE72A28142F}.Release|Any CPU.Build.0 = Release|Any CPU
		{DFA1E8D7-FD84-4EDA-9C59-0BE72A28142F}.Release|Mixed Platforms.ActiveCfg = Release|Any CPU
		{DFA1E8D7-FD84-4EDA-9C59-0BE72A28142F}.Release|x86.ActiveCfg = Release|Any CPU
		{AF228932-48CA-4653-903D-8841B6EEF6C3}.Debug|Any CPU.ActiveCfg = Debug|Any CPU
		{AF228932-48CA-4653-903D-8841B6EEF6C3}.Debug|Any CPU.Build.0 = Debug|Any CPU
		{AF228932-48CA-4653-903D-8841B6EEF6C3}.Debug|Mixed Platforms.ActiveCfg = Debug|Any CPU
		{AF228932-48CA-4653-903D-8841B6EEF6C3}.Debug|Mixed Platforms.Build.0 = Debug|Any CPU
		{AF228932-48CA-4653-903D-8841B6EEF6C3}.Debug|x86.ActiveCfg = Debug|Any CPU
		{AF228932-48CA-4653-903D-8841B6EEF6C3}.Release|Any CPU.ActiveCfg = Release|Any CPU
		{AF228932-48CA-4653-903D-8841B6EEF6C3}.Release|Any CPU.Build.0 = Release|Any CPU
		{AF228932-48CA-4653-903D-8841B6EEF6C3}.Release|Mixed Platforms.ActiveCfg = Release|Any CPU
		{AF228932-48CA-4653-903D-8841B6EEF6C3}.Release|x86.ActiveCfg = Release|Any CPU
		{D21CE15D-A133-40F7-BAA8-1D69F2D33293}.Debug|Any CPU.ActiveCfg = Debug|Any CPU
		{D21CE15D-A133-40F7-BAA8-1D69F2D33293}.Debug|Any CPU.Build.0 = Debug|Any CPU
		{D21CE15D-A133-40F7-BAA8-1D69F2D33293}.Debug|Mixed Platforms.ActiveCfg = Debug|Any CPU
		{D21CE15D-A133-40F7-BAA8-1D69F2D33293}.Debug|Mixed Platforms.Build.0 = Debug|Any CPU
		{D21CE15D-A133-40F7-BAA8-1D69F2D33293}.Debug|x86.ActiveCfg = Debug|Any CPU
		{D21CE15D-A133-40F7-BAA8-1D69F2D33293}.Release|Any CPU.ActiveCfg = Release|Any CPU
		{D21CE15D-A133-40F7-BAA8-1D69F2D33293}.Release|Any CPU.Build.0 = Release|Any CPU
		{D21CE15D-A133-40F7-BAA8-1D69F2D33293}.Release|Mixed Platforms.ActiveCfg = Release|Any CPU
		{D21CE15D-A133-40F7-BAA8-1D69F2D33293}.Release|x86.ActiveCfg = Release|Any CPU
		{6447BCA5-3AD0-45DE-97FB-08BE51C4E134}.Debug|Any CPU.ActiveCfg = Debug|Any CPU
		{6447BCA5-3AD0-45DE-97FB-08BE51C4E134}.Debug|Any CPU.Build.0 = Debug|Any CPU
		{6447BCA5-3AD0-45DE-97FB-08BE51C4E134}.Debug|Mixed Platforms.ActiveCfg = Debug|Any CPU
		{6447BCA5-3AD0-45DE-97FB-08BE51C4E134}.Debug|Mixed Platforms.Build.0 = Debug|Any CPU
		{6447BCA5-3AD0-45DE-97FB-08BE51C4E134}.Debug|x86.ActiveCfg = Debug|Any CPU
		{6447BCA5-3AD0-45DE-97FB-08BE51C4E134}.Release|Any CPU.ActiveCfg = Release|Any CPU
		{6447BCA5-3AD0-45DE-97FB-08BE51C4E134}.Release|Any CPU.Build.0 = Release|Any CPU
		{6447BCA5-3AD0-45DE-97FB-08BE51C4E134}.Release|Mixed Platforms.ActiveCfg = Release|Any CPU
		{6447BCA5-3AD0-45DE-97FB-08BE51C4E134}.Release|x86.ActiveCfg = Release|Any CPU
		{F59D7CA6-95CA-4A5A-8CD9-278007C36227}.Debug|Any CPU.ActiveCfg = Debug|Any CPU
		{F59D7CA6-95CA-4A5A-8CD9-278007C36227}.Debug|Any CPU.Build.0 = Debug|Any CPU
		{F59D7CA6-95CA-4A5A-8CD9-278007C36227}.Debug|Mixed Platforms.ActiveCfg = Debug|Any CPU
		{F59D7CA6-95CA-4A5A-8CD9-278007C36227}.Debug|Mixed Platforms.Build.0 = Debug|Any CPU
		{F59D7CA6-95CA-4A5A-8CD9-278007C36227}.Debug|x86.ActiveCfg = Debug|Any CPU
		{F59D7CA6-95CA-4A5A-8CD9-278007C36227}.Release|Any CPU.ActiveCfg = Release|Any CPU
		{F59D7CA6-95CA-4A5A-8CD9-278007C36227}.Release|Any CPU.Build.0 = Release|Any CPU
		{F59D7CA6-95CA-4A5A-8CD9-278007C36227}.Release|Mixed Platforms.ActiveCfg = Release|Any CPU
		{F59D7CA6-95CA-4A5A-8CD9-278007C36227}.Release|x86.ActiveCfg = Release|Any CPU
		{49298920-679D-414C-84BA-3C7B38975963}.Debug|Any CPU.ActiveCfg = Debug|x86
		{49298920-679D-414C-84BA-3C7B38975963}.Debug|Mixed Platforms.ActiveCfg = Debug|x86
		{49298920-679D-414C-84BA-3C7B38975963}.Debug|Mixed Platforms.Build.0 = Debug|x86
		{49298920-679D-414C-84BA-3C7B38975963}.Debug|x86.ActiveCfg = Debug|x86
		{49298920-679D-414C-84BA-3C7B38975963}.Debug|x86.Build.0 = Debug|x86
		{49298920-679D-414C-84BA-3C7B38975963}.Release|Any CPU.ActiveCfg = Release|x86
		{49298920-679D-414C-84BA-3C7B38975963}.Release|Mixed Platforms.ActiveCfg = Release|x86
		{49298920-679D-414C-84BA-3C7B38975963}.Release|x86.ActiveCfg = Release|x86
		{49298920-679D-414C-84BA-3C7B38975963}.Release|x86.Build.0 = Release|x86
		{999BD960-00C5-4429-82EE-9F5C25DA8410}.Debug|Any CPU.ActiveCfg = Debug|Any CPU
		{999BD960-00C5-4429-82EE-9F5C25DA8410}.Debug|Any CPU.Build.0 = Debug|Any CPU
		{999BD960-00C5-4429-82EE-9F5C25DA8410}.Debug|Mixed Platforms.ActiveCfg = Debug|Any CPU
		{999BD960-00C5-4429-82EE-9F5C25DA8410}.Debug|Mixed Platforms.Build.0 = Debug|Any CPU
		{999BD960-00C5-4429-82EE-9F5C25DA8410}.Debug|x86.ActiveCfg = Debug|Any CPU
		{999BD960-00C5-4429-82EE-9F5C25DA8410}.Release|Any CPU.ActiveCfg = Release|Any CPU
		{999BD960-00C5-4429-82EE-9F5C25DA8410}.Release|Any CPU.Build.0 = Release|Any CPU
		{999BD960-00C5-4429-82EE-9F5C25DA8410}.Release|Mixed Platforms.ActiveCfg = Release|Any CPU
		{999BD960-00C5-4429-82EE-9F5C25DA8410}.Release|x86.ActiveCfg = Release|Any CPU
		{6A95A6AB-CEBE-434E-BA13-43DECA11A002}.Debug|Any CPU.ActiveCfg = Debug|x86
		{6A95A6AB-CEBE-434E-BA13-43DECA11A002}.Debug|Mixed Platforms.ActiveCfg = Debug|x86
		{6A95A6AB-CEBE-434E-BA13-43DECA11A002}.Debug|Mixed Platforms.Build.0 = Debug|x86
		{6A95A6AB-CEBE-434E-BA13-43DECA11A002}.Debug|x86.ActiveCfg = Debug|x86
		{6A95A6AB-CEBE-434E-BA13-43DECA11A002}.Debug|x86.Build.0 = Debug|x86
		{6A95A6AB-CEBE-434E-BA13-43DECA11A002}.Release|Any CPU.ActiveCfg = Release|x86
		{6A95A6AB-CEBE-434E-BA13-43DECA11A002}.Release|Mixed Platforms.ActiveCfg = Release|x86
		{6A95A6AB-CEBE-434E-BA13-43DECA11A002}.Release|x86.ActiveCfg = Release|x86
		{6A95A6AB-CEBE-434E-BA13-43DECA11A002}.Release|x86.Build.0 = Release|x86
		{E7A64ADE-888C-44BC-85EB-E32E1FEC57AF}.Debug|Any CPU.ActiveCfg = Debug
		{E7A64ADE-888C-44BC-85EB-E32E1FEC57AF}.Debug|Mixed Platforms.ActiveCfg = Debug
		{E7A64ADE-888C-44BC-85EB-E32E1FEC57AF}.Debug|x86.ActiveCfg = Debug
		{E7A64ADE-888C-44BC-85EB-E32E1FEC57AF}.Release|Any CPU.ActiveCfg = Release
		{E7A64ADE-888C-44BC-85EB-E32E1FEC57AF}.Release|Mixed Platforms.ActiveCfg = Release
		{E7A64ADE-888C-44BC-85EB-E32E1FEC57AF}.Release|x86.ActiveCfg = Release
	EndGlobalSection
	GlobalSection(SolutionProperties) = preSolution
		HideSolutionNode = FALSE
	EndGlobalSection
EndGlobal
